// !$*UTF8*$!
{
	archiveVersion = 1;
	classes = {
	};
	objectVersion = 46;
	objects = {

/* Begin PBXBuildFile section */
		7C1C51E31F3CD2E1007D4829 /* AppDelegate.swift in Sources */ = {isa = PBXBuildFile; fileRef = 7C1C51E21F3CD2E1007D4829 /* AppDelegate.swift */; };
		7C1C51E51F3CD2E1007D4829 /* AnimalListController.swift in Sources */ = {isa = PBXBuildFile; fileRef = 7C1C51E41F3CD2E1007D4829 /* AnimalListController.swift */; };
		7C1C51EA1F3CD2E1007D4829 /* Assets.xcassets in Resources */ = {isa = PBXBuildFile; fileRef = 7C1C51E91F3CD2E1007D4829 /* Assets.xcassets */; };
		7C1C51ED1F3CD2E1007D4829 /* LaunchScreen.storyboard in Resources */ = {isa = PBXBuildFile; fileRef = 7C1C51EB1F3CD2E1007D4829 /* LaunchScreen.storyboard */; };
		7C1C51F51F3CD8E2007D4829 /* GoogleService-Info.plist in Resources */ = {isa = PBXBuildFile; fileRef = 7C1C51F41F3CD8E2007D4829 /* GoogleService-Info.plist */; };
		7C1C51FB1F3CD996007D4829 /* Animal.swift in Sources */ = {isa = PBXBuildFile; fileRef = 7C1C51FA1F3CD996007D4829 /* Animal.swift */; };
		7C1C51FD1F3CDF7B007D4829 /* AnimalCell.swift in Sources */ = {isa = PBXBuildFile; fileRef = 7C1C51FC1F3CDF7B007D4829 /* AnimalCell.swift */; };
		7C1C51FF1F3CE7AD007D4829 /* AnimalManager.swift in Sources */ = {isa = PBXBuildFile; fileRef = 7C1C51FE1F3CE7AD007D4829 /* AnimalManager.swift */; };
		7C1C52011F3CEF77007D4829 /* Constant.swift in Sources */ = {isa = PBXBuildFile; fileRef = 7C1C52001F3CEF77007D4829 /* Constant.swift */; };
		7C1C52031F3CF8F4007D4829 /* AnimalBioController.swift in Sources */ = {isa = PBXBuildFile; fileRef = 7C1C52021F3CF8F4007D4829 /* AnimalBioController.swift */; };
		7C1C52071F3D0678007D4829 /* AnimalBioCell.swift in Sources */ = {isa = PBXBuildFile; fileRef = 7C1C52061F3D0678007D4829 /* AnimalBioCell.swift */; };
		7C5EE30F224B831700FE40CF /* UIImageView+.swift in Sources */ = {isa = PBXBuildFile; fileRef = 7C5EE30E224B831700FE40CF /* UIImageView+.swift */; };
		F3D834181EDBF1E42E09A7BF /* Pods_Animal_Kingdom.framework in Frameworks */ = {isa = PBXBuildFile; fileRef = D19D39C30467C16C6EB5C471 /* Pods_Animal_Kingdom.framework */; };
/* End PBXBuildFile section */

/* Begin PBXFileReference section */
		14B905C143FA0C53049E745E /* Pods-Animal Kingdom.release.xcconfig */ = {isa = PBXFileReference; includeInIndex = 1; lastKnownFileType = text.xcconfig; name = "Pods-Animal Kingdom.release.xcconfig"; path = "Pods/Target Support Files/Pods-Animal Kingdom/Pods-Animal Kingdom.release.xcconfig"; sourceTree = "<group>"; };
		7C1C51DF1F3CD2E1007D4829 /* Animal Kingdom.app */ = {isa = PBXFileReference; explicitFileType = wrapper.application; includeInIndex = 0; path = "Animal Kingdom.app"; sourceTree = BUILT_PRODUCTS_DIR; };
		7C1C51E21F3CD2E1007D4829 /* AppDelegate.swift */ = {isa = PBXFileReference; lastKnownFileType = sourcecode.swift; path = AppDelegate.swift; sourceTree = "<group>"; };
		7C1C51E41F3CD2E1007D4829 /* AnimalListController.swift */ = {isa = PBXFileReference; lastKnownFileType = sourcecode.swift; path = AnimalListController.swift; sourceTree = "<group>"; };
		7C1C51E91F3CD2E1007D4829 /* Assets.xcassets */ = {isa = PBXFileReference; lastKnownFileType = folder.assetcatalog; path = Assets.xcassets; sourceTree = "<group>"; };
		7C1C51EC1F3CD2E1007D4829 /* Base */ = {isa = PBXFileReference; lastKnownFileType = file.storyboard; name = Base; path = Base.lproj/LaunchScreen.storyboard; sourceTree = "<group>"; };
		7C1C51EE1F3CD2E1007D4829 /* Info.plist */ = {isa = PBXFileReference; lastKnownFileType = text.plist.xml; path = Info.plist; sourceTree = "<group>"; };
		7C1C51F41F3CD8E2007D4829 /* GoogleService-Info.plist */ = {isa = PBXFileReference; fileEncoding = 4; lastKnownFileType = text.plist.xml; path = "GoogleService-Info.plist"; sourceTree = "<group>"; };
		7C1C51FA1F3CD996007D4829 /* Animal.swift */ = {isa = PBXFileReference; fileEncoding = 4; lastKnownFileType = sourcecode.swift; path = Animal.swift; sourceTree = "<group>"; };
		7C1C51FC1F3CDF7B007D4829 /* AnimalCell.swift */ = {isa = PBXFileReference; fileEncoding = 4; lastKnownFileType = sourcecode.swift; path = AnimalCell.swift; sourceTree = "<group>"; };
		7C1C51FE1F3CE7AD007D4829 /* AnimalManager.swift */ = {isa = PBXFileReference; fileEncoding = 4; lastKnownFileType = sourcecode.swift; path = AnimalManager.swift; sourceTree = "<group>"; };
		7C1C52001F3CEF77007D4829 /* Constant.swift */ = {isa = PBXFileReference; fileEncoding = 4; lastKnownFileType = sourcecode.swift; path = Constant.swift; sourceTree = "<group>"; };
		7C1C52021F3CF8F4007D4829 /* AnimalBioController.swift */ = {isa = PBXFileReference; fileEncoding = 4; lastKnownFileType = sourcecode.swift; path = AnimalBioController.swift; sourceTree = "<group>"; };
		7C1C52061F3D0678007D4829 /* AnimalBioCell.swift */ = {isa = PBXFileReference; fileEncoding = 4; lastKnownFileType = sourcecode.swift; path = AnimalBioCell.swift; sourceTree = "<group>"; };
		7C5EE30E224B831700FE40CF /* UIImageView+.swift */ = {isa = PBXFileReference; lastKnownFileType = sourcecode.swift; path = "UIImageView+.swift"; sourceTree = "<group>"; };
		B8C3216DA17D58263F013BEE /* Pods-Animal Kingdom.debug.xcconfig */ = {isa = PBXFileReference; includeInIndex = 1; lastKnownFileType = text.xcconfig; name = "Pods-Animal Kingdom.debug.xcconfig"; path = "Pods/Target Support Files/Pods-Animal Kingdom/Pods-Animal Kingdom.debug.xcconfig"; sourceTree = "<group>"; };
		D19D39C30467C16C6EB5C471 /* Pods_Animal_Kingdom.framework */ = {isa = PBXFileReference; explicitFileType = wrapper.framework; includeInIndex = 0; path = Pods_Animal_Kingdom.framework; sourceTree = BUILT_PRODUCTS_DIR; };
/* End PBXFileReference section */

/* Begin PBXFrameworksBuildPhase section */
		7C1C51DC1F3CD2E1007D4829 /* Frameworks */ = {
			isa = PBXFrameworksBuildPhase;
			buildActionMask = 2147483647;
			files = (
				F3D834181EDBF1E42E09A7BF /* Pods_Animal_Kingdom.framework in Frameworks */,
			);
			runOnlyForDeploymentPostprocessing = 0;
		};
/* End PBXFrameworksBuildPhase section */

/* Begin PBXGroup section */
		7C1C51D61F3CD2E1007D4829 = {
			isa = PBXGroup;
			children = (
				7C1C51E11F3CD2E1007D4829 /* Animal Kingdom */,
				7C1C51E01F3CD2E1007D4829 /* Products */,
				C22941A3FAFAEA37B205CBC4 /* Pods */,
				AFEDCAAAA4340506E39E3436 /* Frameworks */,
			);
			sourceTree = "<group>";
		};
		7C1C51E01F3CD2E1007D4829 /* Products */ = {
			isa = PBXGroup;
			children = (
				7C1C51DF1F3CD2E1007D4829 /* Animal Kingdom.app */,
			);
			name = Products;
			sourceTree = "<group>";
		};
		7C1C51E11F3CD2E1007D4829 /* Animal Kingdom */ = {
			isa = PBXGroup;
			children = (
				7C1C51F61F3CD8F4007D4829 /* Controller */,
				7C1C51F81F3CD914007D4829 /* View */,
				7C1C51F71F3CD8FF007D4829 /* Model */,
				7C5EE30D224B82FC00FE40CF /* Extensions */,
				7C1C51F91F3CD966007D4829 /* Assets */,
			);
			path = "Animal Kingdom";
			sourceTree = "<group>";
		};
		7C1C51F61F3CD8F4007D4829 /* Controller */ = {
			isa = PBXGroup;
			children = (
				7C1C51E21F3CD2E1007D4829 /* AppDelegate.swift */,
				7C1C51E41F3CD2E1007D4829 /* AnimalListController.swift */,
				7C1C52021F3CF8F4007D4829 /* AnimalBioController.swift */,
			);
			name = Controller;
			sourceTree = "<group>";
		};
		7C1C51F71F3CD8FF007D4829 /* Model */ = {
			isa = PBXGroup;
			children = (
				7C1C51FA1F3CD996007D4829 /* Animal.swift */,
				7C1C51FE1F3CE7AD007D4829 /* AnimalManager.swift */,
				7C1C52001F3CEF77007D4829 /* Constant.swift */,
			);
			name = Model;
			sourceTree = "<group>";
		};
		7C1C51F81F3CD914007D4829 /* View */ = {
			isa = PBXGroup;
			children = (
				7C1C51FC1F3CDF7B007D4829 /* AnimalCell.swift */,
				7C1C52061F3D0678007D4829 /* AnimalBioCell.swift */,
			);
			name = View;
			sourceTree = "<group>";
		};
		7C1C51F91F3CD966007D4829 /* Assets */ = {
			isa = PBXGroup;
			children = (
				7C1C51E91F3CD2E1007D4829 /* Assets.xcassets */,
				7C1C51EB1F3CD2E1007D4829 /* LaunchScreen.storyboard */,
				7C1C51F41F3CD8E2007D4829 /* GoogleService-Info.plist */,
				7C1C51EE1F3CD2E1007D4829 /* Info.plist */,
			);
			name = Assets;
			sourceTree = "<group>";
		};
		7C5EE30D224B82FC00FE40CF /* Extensions */ = {
			isa = PBXGroup;
			children = (
				7C5EE30E224B831700FE40CF /* UIImageView+.swift */,
			);
			name = Extensions;
			sourceTree = "<group>";
		};
		AFEDCAAAA4340506E39E3436 /* Frameworks */ = {
			isa = PBXGroup;
			children = (
				D19D39C30467C16C6EB5C471 /* Pods_Animal_Kingdom.framework */,
			);
			name = Frameworks;
			sourceTree = "<group>";
		};
		C22941A3FAFAEA37B205CBC4 /* Pods */ = {
			isa = PBXGroup;
			children = (
				B8C3216DA17D58263F013BEE /* Pods-Animal Kingdom.debug.xcconfig */,
				14B905C143FA0C53049E745E /* Pods-Animal Kingdom.release.xcconfig */,
			);
			name = Pods;
			sourceTree = "<group>";
		};
/* End PBXGroup section */

/* Begin PBXNativeTarget section */
		7C1C51DE1F3CD2E1007D4829 /* Animal Kingdom */ = {
			isa = PBXNativeTarget;
			buildConfigurationList = 7C1C51F11F3CD2E1007D4829 /* Build configuration list for PBXNativeTarget "Animal Kingdom" */;
			buildPhases = (
				3ED21A008EAB7DDBE610F807 /* [CP] Check Pods Manifest.lock */,
				7C1C51DB1F3CD2E1007D4829 /* Sources */,
				7C1C51DC1F3CD2E1007D4829 /* Frameworks */,
				7C1C51DD1F3CD2E1007D4829 /* Resources */,
				1797FB323DF8375DD3B178EE /* [CP] Embed Pods Frameworks */,
				A832E5EB894777A57959BEFC /* [CP] Copy Pods Resources */,
			);
			buildRules = (
			);
			dependencies = (
			);
			name = "Animal Kingdom";
			productName = "Animal Kingdom";
			productReference = 7C1C51DF1F3CD2E1007D4829 /* Animal Kingdom.app */;
			productType = "com.apple.product-type.application";
		};
/* End PBXNativeTarget section */

/* Begin PBXProject section */
		7C1C51D71F3CD2E1007D4829 /* Project object */ = {
			isa = PBXProject;
			attributes = {
				LastSwiftUpdateCheck = 0830;
				LastUpgradeCheck = 0830;
				ORGANIZATIONNAME = "Nursultan Askarbekuly";
				TargetAttributes = {
					7C1C51DE1F3CD2E1007D4829 = {
						CreatedOnToolsVersion = 8.3.2;
						DevelopmentTeam = 27W5LD33EA;
						LastSwiftMigration = 1010;
						ProvisioningStyle = Automatic;
					};
				};
			};
			buildConfigurationList = 7C1C51DA1F3CD2E1007D4829 /* Build configuration list for PBXProject "Animal Kingdom" */;
			compatibilityVersion = "Xcode 3.2";
			developmentRegion = English;
			hasScannedForEncodings = 0;
			knownRegions = (
				en,
				Base,
			);
			mainGroup = 7C1C51D61F3CD2E1007D4829;
			productRefGroup = 7C1C51E01F3CD2E1007D4829 /* Products */;
			projectDirPath = "";
			projectRoot = "";
			targets = (
				7C1C51DE1F3CD2E1007D4829 /* Animal Kingdom */,
			);
		};
/* End PBXProject section */

/* Begin PBXResourcesBuildPhase section */
		7C1C51DD1F3CD2E1007D4829 /* Resources */ = {
			isa = PBXResourcesBuildPhase;
			buildActionMask = 2147483647;
			files = (
				7C1C51ED1F3CD2E1007D4829 /* LaunchScreen.storyboard in Resources */,
				7C1C51EA1F3CD2E1007D4829 /* Assets.xcassets in Resources */,
				7C1C51F51F3CD8E2007D4829 /* GoogleService-Info.plist in Resources */,
			);
			runOnlyForDeploymentPostprocessing = 0;
		};
/* End PBXResourcesBuildPhase section */

/* Begin PBXShellScriptBuildPhase section */
		1797FB323DF8375DD3B178EE /* [CP] Embed Pods Frameworks */ = {
			isa = PBXShellScriptBuildPhase;
			buildActionMask = 2147483647;
			files = (
			);
			inputPaths = (
				"${SRCROOT}/Pods/Target Support Files/Pods-Animal Kingdom/Pods-Animal Kingdom-frameworks.sh",
				"${BUILT_PRODUCTS_DIR}/GoogleUtilities/GoogleUtilities.framework",
				"${BUILT_PRODUCTS_DIR}/SVProgressHUD/SVProgressHUD.framework",
				"${BUILT_PRODUCTS_DIR}/leveldb-library/leveldb.framework",
				"${BUILT_PRODUCTS_DIR}/nanopb/nanopb.framework",
			);
			name = "[CP] Embed Pods Frameworks";
			outputPaths = (
				"${TARGET_BUILD_DIR}/${FRAMEWORKS_FOLDER_PATH}/GoogleUtilities.framework",
				"${TARGET_BUILD_DIR}/${FRAMEWORKS_FOLDER_PATH}/SVProgressHUD.framework",
				"${TARGET_BUILD_DIR}/${FRAMEWORKS_FOLDER_PATH}/leveldb.framework",
				"${TARGET_BUILD_DIR}/${FRAMEWORKS_FOLDER_PATH}/nanopb.framework",
			);
			runOnlyForDeploymentPostprocessing = 0;
			shellPath = /bin/sh;
			shellScript = "\"${SRCROOT}/Pods/Target Support Files/Pods-Animal Kingdom/Pods-Animal Kingdom-frameworks.sh\"\n";
			showEnvVarsInLog = 0;
		};
		3ED21A008EAB7DDBE610F807 /* [CP] Check Pods Manifest.lock */ = {
			isa = PBXShellScriptBuildPhase;
			buildActionMask = 2147483647;
			files = (
			);
			inputPaths = (
				"${PODS_PODFILE_DIR_PATH}/Podfile.lock",
				"${PODS_ROOT}/Manifest.lock",
			);
			name = "[CP] Check Pods Manifest.lock";
			outputPaths = (
				"$(DERIVED_FILE_DIR)/Pods-Animal Kingdom-checkManifestLockResult.txt",
			);
			runOnlyForDeploymentPostprocessing = 0;
			shellPath = /bin/sh;
			shellScript = "diff \"${PODS_PODFILE_DIR_PATH}/Podfile.lock\" \"${PODS_ROOT}/Manifest.lock\" > /dev/null\nif [ $? != 0 ] ; then\n    # print error to STDERR\n    echo \"error: The sandbox is not in sync with the Podfile.lock. Run 'pod install' or update your CocoaPods installation.\" >&2\n    exit 1\nfi\n# This output is used by Xcode 'outputs' to avoid re-running this script phase.\necho \"SUCCESS\" > \"${SCRIPT_OUTPUT_FILE_0}\"\n";
			showEnvVarsInLog = 0;
		};
		A832E5EB894777A57959BEFC /* [CP] Copy Pods Resources */ = {
			isa = PBXShellScriptBuildPhase;
			buildActionMask = 2147483647;
			files = (
			);
			inputPaths = (
			);
			name = "[CP] Copy Pods Resources";
			outputPaths = (
			);
			runOnlyForDeploymentPostprocessing = 0;
			shellPath = /bin/sh;
			shellScript = "\"${SRCROOT}/Pods/Target Support Files/Pods-Animal Kingdom/Pods-Animal Kingdom-resources.sh\"\n";
			showEnvVarsInLog = 0;
		};
/* End PBXShellScriptBuildPhase section */

/* Begin PBXSourcesBuildPhase section */
		7C1C51DB1F3CD2E1007D4829 /* Sources */ = {
			isa = PBXSourcesBuildPhase;
			buildActionMask = 2147483647;
			files = (
				7C5EE30F224B831700FE40CF /* UIImageView+.swift in Sources */,
				7C1C51E51F3CD2E1007D4829 /* AnimalListController.swift in Sources */,
				7C1C51FF1F3CE7AD007D4829 /* AnimalManager.swift in Sources */,
				7C1C52071F3D0678007D4829 /* AnimalBioCell.swift in Sources */,
				7C1C51FD1F3CDF7B007D4829 /* AnimalCell.swift in Sources */,
				7C1C51E31F3CD2E1007D4829 /* AppDelegate.swift in Sources */,
				7C1C52031F3CF8F4007D4829 /* AnimalBioController.swift in Sources */,
				7C1C51FB1F3CD996007D4829 /* Animal.swift in Sources */,
				7C1C52011F3CEF77007D4829 /* Constant.swift in Sources */,
			);
			runOnlyForDeploymentPostprocessing = 0;
		};
/* End PBXSourcesBuildPhase section */

/* Begin PBXVariantGroup section */
		7C1C51EB1F3CD2E1007D4829 /* LaunchScreen.storyboard */ = {
			isa = PBXVariantGroup;
			children = (
				7C1C51EC1F3CD2E1007D4829 /* Base */,
			);
			name = LaunchScreen.storyboard;
			sourceTree = "<group>";
		};
/* End PBXVariantGroup section */

/* Begin XCBuildConfiguration section */
		7C1C51EF1F3CD2E1007D4829 /* Debug */ = {
			isa = XCBuildConfiguration;
			buildSettings = {
				ALWAYS_SEARCH_USER_PATHS = NO;
				CLANG_ANALYZER_NONNULL = YES;
				CLANG_ANALYZER_NUMBER_OBJECT_CONVERSION = YES_AGGRESSIVE;
				CLANG_CXX_LANGUAGE_STANDARD = "gnu++0x";
				CLANG_CXX_LIBRARY = "libc++";
				CLANG_ENABLE_MODULES = YES;
				CLANG_ENABLE_OBJC_ARC = YES;
				CLANG_WARN_BOOL_CONVERSION = YES;
				CLANG_WARN_CONSTANT_CONVERSION = YES;
				CLANG_WARN_DIRECT_OBJC_ISA_USAGE = YES_ERROR;
				CLANG_WARN_DOCUMENTATION_COMMENTS = YES;
				CLANG_WARN_EMPTY_BODY = YES;
				CLANG_WARN_ENUM_CONVERSION = YES;
				CLANG_WARN_INFINITE_RECURSION = YES;
				CLANG_WARN_INT_CONVERSION = YES;
				CLANG_WARN_OBJC_ROOT_CLASS = YES_ERROR;
				CLANG_WARN_SUSPICIOUS_MOVE = YES;
				CLANG_WARN_UNREACHABLE_CODE = YES;
				CLANG_WARN__DUPLICATE_METHOD_MATCH = YES;
				"CODE_SIGN_IDENTITY[sdk=iphoneos*]" = "iPhone Developer";
				COPY_PHASE_STRIP = NO;
				DEBUG_INFORMATION_FORMAT = dwarf;
				ENABLE_STRICT_OBJC_MSGSEND = YES;
				ENABLE_TESTABILITY = YES;
				GCC_C_LANGUAGE_STANDARD = gnu99;
				GCC_DYNAMIC_NO_PIC = NO;
				GCC_NO_COMMON_BLOCKS = YES;
				GCC_OPTIMIZATION_LEVEL = 0;
				GCC_PREPROCESSOR_DEFINITIONS = (
					"DEBUG=1",
					"$(inherited)",
				);
				GCC_WARN_64_TO_32_BIT_CONVERSION = YES;
				GCC_WARN_ABOUT_RETURN_TYPE = YES_ERROR;
				GCC_WARN_UNDECLARED_SELECTOR = YES;
				GCC_WARN_UNINITIALIZED_AUTOS = YES_AGGRESSIVE;
				GCC_WARN_UNUSED_FUNCTION = YES;
				GCC_WARN_UNUSED_VARIABLE = YES;
				IPHONEOS_DEPLOYMENT_TARGET = 10.3;
				MTL_ENABLE_DEBUG_INFO = YES;
				ONLY_ACTIVE_ARCH = YES;
				SDKROOT = iphoneos;
				SWIFT_ACTIVE_COMPILATION_CONDITIONS = DEBUG;
				SWIFT_OPTIMIZATION_LEVEL = "-Onone";
			};
			name = Debug;
		};
		7C1C51F01F3CD2E1007D4829 /* Release */ = {
			isa = XCBuildConfiguration;
			buildSettings = {
				ALWAYS_SEARCH_USER_PATHS = NO;
				CLANG_ANALYZER_NONNULL = YES;
				CLANG_ANALYZER_NUMBER_OBJECT_CONVERSION = YES_AGGRESSIVE;
				CLANG_CXX_LANGUAGE_STANDARD = "gnu++0x";
				CLANG_CXX_LIBRARY = "libc++";
				CLANG_ENABLE_MODULES = YES;
				CLANG_ENABLE_OBJC_ARC = YES;
				CLANG_WARN_BOOL_CONVERSION = YES;
				CLANG_WARN_CONSTANT_CONVERSION = YES;
				CLANG_WARN_DIRECT_OBJC_ISA_USAGE = YES_ERROR;
				CLANG_WARN_DOCUMENTATION_COMMENTS = YES;
				CLANG_WARN_EMPTY_BODY = YES;
				CLANG_WARN_ENUM_CONVERSION = YES;
				CLANG_WARN_INFINITE_RECURSION = YES;
				CLANG_WARN_INT_CONVERSION = YES;
				CLANG_WARN_OBJC_ROOT_CLASS = YES_ERROR;
				CLANG_WARN_SUSPICIOUS_MOVE = YES;
				CLANG_WARN_UNREACHABLE_CODE = YES;
				CLANG_WARN__DUPLICATE_METHOD_MATCH = YES;
				"CODE_SIGN_IDENTITY[sdk=iphoneos*]" = "iPhone Developer";
				COPY_PHASE_STRIP = NO;
				DEBUG_INFORMATION_FORMAT = "dwarf-with-dsym";
				ENABLE_NS_ASSERTIONS = NO;
				ENABLE_STRICT_OBJC_MSGSEND = YES;
				GCC_C_LANGUAGE_STANDARD = gnu99;
				GCC_NO_COMMON_BLOCKS = YES;
				GCC_WARN_64_TO_32_BIT_CONVERSION = YES;
				GCC_WARN_ABOUT_RETURN_TYPE = YES_ERROR;
				GCC_WARN_UNDECLARED_SELECTOR = YES;
				GCC_WARN_UNINITIALIZED_AUTOS = YES_AGGRESSIVE;
				GCC_WARN_UNUSED_FUNCTION = YES;
				GCC_WARN_UNUSED_VARIABLE = YES;
				IPHONEOS_DEPLOYMENT_TARGET = 10.3;
				MTL_ENABLE_DEBUG_INFO = NO;
				SDKROOT = iphoneos;
				SWIFT_OPTIMIZATION_LEVEL = "-Owholemodule";
				VALIDATE_PRODUCT = YES;
			};
			name = Release;
		};
		7C1C51F21F3CD2E1007D4829 /* Debug */ = {
			isa = XCBuildConfiguration;
			baseConfigurationReference = B8C3216DA17D58263F013BEE /* Pods-Animal Kingdom.debug.xcconfig */;
			buildSettings = {
				ASSETCATALOG_COMPILER_APPICON_NAME = AppIcon;
				DEVELOPMENT_TEAM = 27W5LD33EA;
				INFOPLIST_FILE = "Animal Kingdom/Info.plist";
				LD_RUNPATH_SEARCH_PATHS = "$(inherited) @executable_path/Frameworks";
				PRODUCT_BUNDLE_IDENTIFIER = "-com.animalKingdom";
				PRODUCT_NAME = "$(TARGET_NAME)";
				SWIFT_SWIFT3_OBJC_INFERENCE = On;
				SWIFT_VERSION = 4.2;
			};
			name = Debug;
		};
		7C1C51F31F3CD2E1007D4829 /* Release */ = {
			isa = XCBuildConfiguration;
			baseConfigurationReference = 14B905C143FA0C53049E745E /* Pods-Animal Kingdom.release.xcconfig */;
			buildSettings = {
				ASSETCATALOG_COMPILER_APPICON_NAME = AppIcon;
				DEVELOPMENT_TEAM = 27W5LD33EA;
				INFOPLIST_FILE = "Animal Kingdom/Info.plist";
				LD_RUNPATH_SEARCH_PATHS = "$(inherited) @executable_path/Frameworks";
				PRODUCT_BUNDLE_IDENTIFIER = "-com.animalKingdom";
				PRODUCT_NAME = "$(TARGET_NAME)";
				SWIFT_SWIFT3_OBJC_INFERENCE = On;
				SWIFT_VERSION = 4.2;
			};
			name = Release;
		};
/* End XCBuildConfiguration section */

/* Begin XCConfigurationList section */
		7C1C51DA1F3CD2E1007D4829 /* Build configuration list for PBXProject "Animal Kingdom" */ = {
			isa = XCConfigurationList;
			buildConfigurations = (
				7C1C51EF1F3CD2E1007D4829 /* Debug */,
				7C1C51F01F3CD2E1007D4829 /* Release */,
			);
			defaultConfigurationIsVisible = 0;
			defaultConfigurationName = Release;
		};
		7C1C51F11F3CD2E1007D4829 /* Build configuration list for PBXNativeTarget "Animal Kingdom" */ = {
			isa = XCConfigurationList;
			buildConfigurations = (
				7C1C51F21F3CD2E1007D4829 /* Debug */,
				7C1C51F31F3CD2E1007D4829 /* Release */,
			);
			defaultConfigurationIsVisible = 0;
			defaultConfigurationName = Release;
		};
/* End XCConfigurationList section */
	};
	rootObject = 7C1C51D71F3CD2E1007D4829 /* Project object */;
}
