// !$*UTF8*$!
{
	archiveVersion = 1;
	classes = {
	};
	objectVersion = 46;
	objects = {

/* Begin PBXBuildFile section */
		7C1C51E31F3CD2E1007D4829 /* AppDelegate.swift in Sources */ = {isa = PBXBuildFile; fileRef = 7C1C51E21F3CD2E1007D4829 /* AppDelegate.swift */; };
		7C1C51E51F3CD2E1007D4829 /* ViewController.swift in Sources */ = {isa = PBXBuildFile; fileRef = 7C1C51E41F3CD2E1007D4829 /* ViewController.swift */; };
		7C1C51E81F3CD2E1007D4829 /* Main.storyboard in Resources */ = {isa = PBXBuildFile; fileRef = 7C1C51E61F3CD2E1007D4829 /* Main.storyboard */; };
		7C1C51EA1F3CD2E1007D4829 /* Assets.xcassets in Resources */ = {isa = PBXBuildFile; fileRef = 7C1C51E91F3CD2E1007D4829 /* Assets.xcassets */; };
		7C1C51ED1F3CD2E1007D4829 /* LaunchScreen.storyboard in Resources */ = {isa = PBXBuildFile; fileRef = 7C1C51EB1F3CD2E1007D4829 /* LaunchScreen.storyboard */; };
/* End PBXBuildFile section */

/* Begin PBXFileReference section */
		7C1C51DF1F3CD2E1007D4829 /* Animal Kingdom.app */ = {isa = PBXFileReference; explicitFileType = wrapper.application; includeInIndex = 0; path = "Animal Kingdom.app"; sourceTree = BUILT_PRODUCTS_DIR; };
		7C1C51E21F3CD2E1007D4829 /* AppDelegate.swift */ = {isa = PBXFileReference; lastKnownFileType = sourcecode.swift; path = AppDelegate.swift; sourceTree = "<group>"; };
		7C1C51E41F3CD2E1007D4829 /* ViewController.swift */ = {isa = PBXFileReference; lastKnownFileType = sourcecode.swift; path = ViewController.swift; sourceTree = "<group>"; };
		7C1C51E71F3CD2E1007D4829 /* Base */ = {isa = PBXFileReference; lastKnownFileType = file.storyboard; name = Base; path = Base.lproj/Main.storyboard; sourceTree = "<group>"; };
		7C1C51E91F3CD2E1007D4829 /* Assets.xcassets */ = {isa = PBXFileReference; lastKnownFileType = folder.assetcatalog; path = Assets.xcassets; sourceTree = "<group>"; };
		7C1C51EC1F3CD2E1007D4829 /* Base */ = {isa = PBXFileReference; lastKnownFileType = file.storyboard; name = Base; path = Base.lproj/LaunchScreen.storyboard; sourceTree = "<group>"; };
		7C1C51EE1F3CD2E1007D4829 /* Info.plist */ = {isa = PBXFileReference; lastKnownFileType = text.plist.xml; path = Info.plist; sourceTree = "<group>"; };
/* End PBXFileReference section */

/* Begin PBXFrameworksBuildPhase section */
		7C1C51DC1F3CD2E1007D4829 /* Frameworks */ = {
			isa = PBXFrameworksBuildPhase;
			buildActionMask = 2147483647;
			files = (
			);
			runOnlyForDeploymentPostprocessing = 0;
		};
/* End PBXFrameworksBuildPhase section */

/* Begin PBXGroup section */
		7C1C51D61F3CD2E1007D4829 = {
			isa = PBXGroup;
			children = (
				7C1C51E11F3CD2E1007D4829 /* Animal Kingdom */,
				7C1C51E01F3CD2E1007D4829 /* Products */,
			);
			sourceTree = "<group>";
		};
		7C1C51E01F3CD2E1007D4829 /* Products */ = {
			isa = PBXGroup;
			children = (
				7C1C51DF1F3CD2E1007D4829 /* Animal Kingdom.app */,
			);
			name = Products;
			sourceTree = "<group>";
		};
		7C1C51E11F3CD2E1007D4829 /* Animal Kingdom */ = {
			isa = PBXGroup;
			children = (
				7C1C51E21F3CD2E1007D4829 /* AppDelegate.swift */,
				7C1C51E41F3CD2E1007D4829 /* ViewController.swift */,
				7C1C51E61F3CD2E1007D4829 /* Main.storyboard */,
				7C1C51E91F3CD2E1007D4829 /* Assets.xcassets */,
				7C1C51EB1F3CD2E1007D4829 /* LaunchScreen.storyboard */,
				7C1C51EE1F3CD2E1007D4829 /* Info.plist */,
			);
			path = "Animal Kingdom";
			sourceTree = "<group>";
		};
/* End PBXGroup section */

/* Begin PBXNativeTarget section */
		7C1C51DE1F3CD2E1007D4829 /* Animal Kingdom */ = {
			isa = PBXNativeTarget;
			buildConfigurationList = 7C1C51F11F3CD2E1007D4829 /* Build configuration list for PBXNativeTarget "Animal Kingdom" */;
			buildPhases = (
				7C1C51DB1F3CD2E1007D4829 /* Sources */,
				7C1C51DC1F3CD2E1007D4829 /* Frameworks */,
				7C1C51DD1F3CD2E1007D4829 /* Resources */,
			);
			buildRules = (
			);
			dependencies = (
			);
			name = "Animal Kingdom";
			productName = "Animal Kingdom";
			productReference = 7C1C51DF1F3CD2E1007D4829 /* Animal Kingdom.app */;
			productType = "com.apple.product-type.application";
		};
/* End PBXNativeTarget section */

/* Begin PBXProject section */
		7C1C51D71F3CD2E1007D4829 /* Project object */ = {
			isa = PBXProject;
			attributes = {
				LastSwiftUpdateCheck = 0830;
				LastUpgradeCheck = 0830;
				ORGANIZATIONNAME = "Nursultan Askarbekuly";
				TargetAttributes = {
					7C1C51DE1F3CD2E1007D4829 = {
						CreatedOnToolsVersion = 8.3.2;
						DevelopmentTeam = 27W5LD33EA;
						ProvisioningStyle = Automatic;
					};
				};
			};
			buildConfigurationList = 7C1C51DA1F3CD2E1007D4829 /* Build configuration list for PBXProject "Animal Kingdom" */;
			compatibilityVersion = "Xcode 3.2";
			developmentRegion = English;
			hasScannedForEncodings = 0;
			knownRegions = (
				en,
				Base,
			);
			mainGroup = 7C1C51D61F3CD2E1007D4829;
			productRefGroup = 7C1C51E01F3CD2E1007D4829 /* Products */;
			projectDirPath = "";
			projectRoot = "";
			targets = (
				7C1C51DE1F3CD2E1007D4829 /* Animal Kingdom */,
			);
		};
/* End PBXProject section */

/* Begin PBXResourcesBuildPhase section */
		7C1C51DD1F3CD2E1007D4829 /* Resources */ = {
			isa = PBXResourcesBuildPhase;
			buildActionMask = 2147483647;
			files = (
				7C1C51ED1F3CD2E1007D4829 /* LaunchScreen.storyboard in Resources */,
				7C1C51EA1F3CD2E1007D4829 /* Assets.xcassets in Resources */,
				7C1C51E81F3CD2E1007D4829 /* Main.storyboard in Resources */,
			);
			runOnlyForDeploymentPostprocessing = 0;
		};
/* End PBXResourcesBuildPhase section */

/* Begin PBXSourcesBuildPhase section */
		7C1C51DB1F3CD2E1007D4829 /* Sources */ = {
			isa = PBXSourcesBuildPhase;
			buildActionMask = 2147483647;
			files = (
				7C1C51E51F3CD2E1007D4829 /* ViewController.swift in Sources */,
				7C1C51E31F3CD2E1007D4829 /* AppDelegate.swift in Sources */,
			);
			runOnlyForDeploymentPostprocessing = 0;
		};
/* End PBXSourcesBuildPhase section */

/* Begin PBXVariantGroup section */
		7C1C51E61F3CD2E1007D4829 /* Main.storyboard */ = {
			isa = PBXVariantGroup;
			children = (
				7C1C51E71F3CD2E1007D4829 /* Base */,
			);
			name = Main.storyboard;
			sourceTree = "<group>";
		};
		7C1C51EB1F3CD2E1007D4829 /* LaunchScreen.storyboard */ = {
			isa = PBXVariantGroup;
			children = (
				7C1C51EC1F3CD2E1007D4829 /* Base */,
			);
			name = LaunchScreen.storyboard;
			sourceTree = "<group>";
		};
/* End PBXVariantGroup section */

/* Begin XCBuildConfiguration section */
		7C1C51EF1F3CD2E1007D4829 /* Debug */ = {
			isa = XCBuildConfiguration;
			buildSettings = {
				ALWAYS_SEARCH_USER_PATHS = NO;
				CLANG_ANALYZER_NONNULL = YES;
				CLANG_ANALYZER_NUMBER_OBJECT_CONVERSION = YES_AGGRESSIVE;
				CLANG_CXX_LANGUAGE_STANDARD = "gnu++0x";
				CLANG_CXX_LIBRARY = "libc++";
				CLANG_ENABLE_MODULES = YES;
				CLANG_ENABLE_OBJC_ARC = YES;
				CLANG_WARN_BOOL_CONVERSION = YES;
				CLANG_WARN_CONSTANT_CONVERSION = YES;
				CLANG_WARN_DIRECT_OBJC_ISA_USAGE = YES_ERROR;
				CLANG_WARN_DOCUMENTATION_COMMENTS = YES;
				CLANG_WARN_EMPTY_BODY = YES;
				CLANG_WARN_ENUM_CONVERSION = YES;
				CLANG_WARN_INFINITE_RECURSION = YES;
				CLANG_WARN_INT_CONVERSION = YES;
				CLANG_WARN_OBJC_ROOT_CLASS = YES_ERROR;
				CLANG_WARN_SUSPICIOUS_MOVE = YES;
				CLANG_WARN_UNREACHABLE_CODE = YES;
				CLANG_WARN__DUPLICATE_METHOD_MATCH = YES;
				"CODE_SIGN_IDENTITY[sdk=iphoneos*]" = "iPhone Developer";
				COPY_PHASE_STRIP = NO;
				DEBUG_INFORMATION_FORMAT = dwarf;
				ENABLE_STRICT_OBJC_MSGSEND = YES;
				ENABLE_TESTABILITY = YES;
				GCC_C_LANGUAGE_STANDARD = gnu99;
				GCC_DYNAMIC_NO_PIC = NO;
				GCC_NO_COMMON_BLOCKS = YES;
				GCC_OPTIMIZATION_LEVEL = 0;
				GCC_PREPROCESSOR_DEFINITIONS = (
					"DEBUG=1",
					"$(inherited)",
				);
				GCC_WARN_64_TO_32_BIT_CONVERSION = YES;
				GCC_WARN_ABOUT_RETURN_TYPE = YES_ERROR;
				GCC_WARN_UNDECLARED_SELECTOR = YES;
				GCC_WARN_UNINITIALIZED_AUTOS = YES_AGGRESSIVE;
				GCC_WARN_UNUSED_FUNCTION = YES;
				GCC_WARN_UNUSED_VARIABLE = YES;
				IPHONEOS_DEPLOYMENT_TARGET = 10.3;
				MTL_ENABLE_DEBUG_INFO = YES;
				ONLY_ACTIVE_ARCH = YES;
				SDKROOT = iphoneos;
				SWIFT_ACTIVE_COMPILATION_CONDITIONS = DEBUG;
				SWIFT_OPTIMIZATION_LEVEL = "-Onone";
			};
			name = Debug;
		};
		7C1C51F01F3CD2E1007D4829 /* Release */ = {
			isa = XCBuildConfiguration;
			buildSettings = {
				ALWAYS_SEARCH_USER_PATHS = NO;
				CLANG_ANALYZER_NONNULL = YES;
				CLANG_ANALYZER_NUMBER_OBJECT_CONVERSION = YES_AGGRESSIVE;
				CLANG_CXX_LANGUAGE_STANDARD = "gnu++0x";
				CLANG_CXX_LIBRARY = "libc++";
				CLANG_ENABLE_MODULES = YES;
				CLANG_ENABLE_OBJC_ARC = YES;
				CLANG_WARN_BOOL_CONVERSION = YES;
				CLANG_WARN_CONSTANT_CONVERSION = YES;
				CLANG_WARN_DIRECT_OBJC_ISA_USAGE = YES_ERROR;
				CLANG_WARN_DOCUMENTATION_COMMENTS = YES;
				CLANG_WARN_EMPTY_BODY = YES;
				CLANG_WARN_ENUM_CONVERSION = YES;
				CLANG_WARN_INFINITE_RECURSION = YES;
				CLANG_WARN_INT_CONVERSION = YES;
				CLANG_WARN_OBJC_ROOT_CLASS = YES_ERROR;
				CLANG_WARN_SUSPICIOUS_MOVE = YES;
				CLANG_WARN_UNREACHABLE_CODE = YES;
				CLANG_WARN__DUPLICATE_METHOD_MATCH = YES;
				"CODE_SIGN_IDENTITY[sdk=iphoneos*]" = "iPhone Developer";
				COPY_PHASE_STRIP = NO;
				DEBUG_INFORMATION_FORMAT = "dwarf-with-dsym";
				ENABLE_NS_ASSERTIONS = NO;
				ENABLE_STRICT_OBJC_MSGSEND = YES;
				GCC_C_LANGUAGE_STANDARD = gnu99;
				GCC_NO_COMMON_BLOCKS = YES;
				GCC_WARN_64_TO_32_BIT_CONVERSION = YES;
				GCC_WARN_ABOUT_RETURN_TYPE = YES_ERROR;
				GCC_WARN_UNDECLARED_SELECTOR = YES;
				GCC_WARN_UNINITIALIZED_AUTOS = YES_AGGRESSIVE;
				GCC_WARN_UNUSED_FUNCTION = YES;
				GCC_WARN_UNUSED_VARIABLE = YES;
				IPHONEOS_DEPLOYMENT_TARGET = 10.3;
				MTL_ENABLE_DEBUG_INFO = NO;
				SDKROOT = iphoneos;
				SWIFT_OPTIMIZATION_LEVEL = "-Owholemodule";
				VALIDATE_PRODUCT = YES;
			};
			name = Release;
		};
		7C1C51F21F3CD2E1007D4829 /* Debug */ = {
			isa = XCBuildConfiguration;
			buildSettings = {
				ASSETCATALOG_COMPILER_APPICON_NAME = AppIcon;
				DEVELOPMENT_TEAM = 27W5LD33EA;
				INFOPLIST_FILE = "Animal Kingdom/Info.plist";
				LD_RUNPATH_SEARCH_PATHS = "$(inherited) @executable_path/Frameworks";
				PRODUCT_BUNDLE_IDENTIFIER = "-nurios.Animal-Kingdom";
				PRODUCT_NAME = "$(TARGET_NAME)";
				SWIFT_VERSION = 3.0;
			};
			name = Debug;
		};
		7C1C51F31F3CD2E1007D4829 /* Release */ = {
			isa = XCBuildConfiguration;
			buildSettings = {
				ASSETCATALOG_COMPILER_APPICON_NAME = AppIcon;
				DEVELOPMENT_TEAM = 27W5LD33EA;
				INFOPLIST_FILE = "Animal Kingdom/Info.plist";
				LD_RUNPATH_SEARCH_PATHS = "$(inherited) @executable_path/Frameworks";
				PRODUCT_BUNDLE_IDENTIFIER = "-nurios.Animal-Kingdom";
				PRODUCT_NAME = "$(TARGET_NAME)";
				SWIFT_VERSION = 3.0;
			};
			name = Release;
		};
/* End XCBuildConfiguration section */

/* Begin XCConfigurationList section */
		7C1C51DA1F3CD2E1007D4829 /* Build configuration list for PBXProject "Animal Kingdom" */ = {
			isa = XCConfigurationList;
			buildConfigurations = (
				7C1C51EF1F3CD2E1007D4829 /* Debug */,
				7C1C51F01F3CD2E1007D4829 /* Release */,
			);
			defaultConfigurationIsVisible = 0;
			defaultConfigurationName = Release;
		};
		7C1C51F11F3CD2E1007D4829 /* Build configuration list for PBXNativeTarget "Animal Kingdom" */ = {
			isa = XCConfigurationList;
			buildConfigurations = (
				7C1C51F21F3CD2E1007D4829 /* Debug */,
				7C1C51F31F3CD2E1007D4829 /* Release */,
			);
			defaultConfigurationIsVisible = 0;
		};
/* End XCConfigurationList section */
	};
	rootObject = 7C1C51D71F3CD2E1007D4829 /* Project object */;
}
